// !$*UTF8*$!
{
	archiveVersion = 1;
	classes = {
	};
	objectVersion = 52;
	objects = {

/* Begin PBXBuildFile section */
		7A549B2F1011EB47D237EC11 /* Pods_FileManager.framework in Frameworks */ = {isa = PBXBuildFile; fileRef = BE9BBD3B09224CA6D7831156 /* Pods_FileManager.framework */; };
		A23796B224D9BCF200DC211A /* Helper.swift in Sources */ = {isa = PBXBuildFile; fileRef = A23796B124D9BCF200DC211A /* Helper.swift */; };
		A26B2CBE24D6A1C800BFC261 /* ContentFileViewController.swift in Sources */ = {isa = PBXBuildFile; fileRef = A26B2CBC24D6A1C700BFC261 /* ContentFileViewController.swift */; };
		A26B2CBF24D6A1C800BFC261 /* ContentFileViewController.xib in Resources */ = {isa = PBXBuildFile; fileRef = A26B2CBD24D6A1C700BFC261 /* ContentFileViewController.xib */; };
		A285FDA024D7499C00C913FE /* DocumentTableViewCell.swift in Sources */ = {isa = PBXBuildFile; fileRef = A285FD9F24D7499C00C913FE /* DocumentTableViewCell.swift */; };
		A285FDA224D74A4C00C913FE /* DocumentTableViewCell.xib in Resources */ = {isa = PBXBuildFile; fileRef = A285FDA124D74A4C00C913FE /* DocumentTableViewCell.xib */; };
		A2F2550D24CAF2420064CE50 /* AppDelegate.swift in Sources */ = {isa = PBXBuildFile; fileRef = A2F2550C24CAF2420064CE50 /* AppDelegate.swift */; };
		A2F2550F24CAF2420064CE50 /* SceneDelegate.swift in Sources */ = {isa = PBXBuildFile; fileRef = A2F2550E24CAF2420064CE50 /* SceneDelegate.swift */; };
		A2F2551624CAF2460064CE50 /* Assets.xcassets in Resources */ = {isa = PBXBuildFile; fileRef = A2F2551524CAF2460064CE50 /* Assets.xcassets */; };
		A2F2551924CAF2460064CE50 /* LaunchScreen.storyboard in Resources */ = {isa = PBXBuildFile; fileRef = A2F2551724CAF2460064CE50 /* LaunchScreen.storyboard */; };
		A2F2552124CAF3380064CE50 /* .gitignore in Resources */ = {isa = PBXBuildFile; fileRef = A2F2552024CAF3380064CE50 /* .gitignore */; };
		A2F2552324CB09720064CE50 /* .swiftlint.yml in Resources */ = {isa = PBXBuildFile; fileRef = A2F2552224CB09720064CE50 /* .swiftlint.yml */; };
		A2F2552724CB15880064CE50 /* UITableView+Extension.swift in Sources */ = {isa = PBXBuildFile; fileRef = A2F2552624CB15880064CE50 /* UITableView+Extension.swift */; };
		A2F2553424CB2CA90064CE50 /* DocumentsViewController.swift in Sources */ = {isa = PBXBuildFile; fileRef = A2F2553224CB2CA90064CE50 /* DocumentsViewController.swift */; };
		A2F2553524CB2CA90064CE50 /* DocumentsViewController.xib in Resources */ = {isa = PBXBuildFile; fileRef = A2F2553324CB2CA90064CE50 /* DocumentsViewController.xib */; };
		A2F2553824CB66080064CE50 /* Icon.swift in Sources */ = {isa = PBXBuildFile; fileRef = A2F2553724CB66070064CE50 /* Icon.swift */; };
		A2F2553A24CB7E420064CE50 /* Names.swift in Sources */ = {isa = PBXBuildFile; fileRef = A2F2553924CB7E420064CE50 /* Names.swift */; };
		A2F2553E24CC271A0064CE50 /* FileManagerService.swift in Sources */ = {isa = PBXBuildFile; fileRef = A2F2553D24CC271A0064CE50 /* FileManagerService.swift */; };
		A2F2554024CDDA160064CE50 /* Alert.swift in Sources */ = {isa = PBXBuildFile; fileRef = A2F2553F24CDDA160064CE50 /* Alert.swift */; };
/* End PBXBuildFile section */

/* Begin PBXFileReference section */
		5EDEF7AA95344D45D65FD6FC /* Pods-FileManager.debug.xcconfig */ = {isa = PBXFileReference; includeInIndex = 1; lastKnownFileType = text.xcconfig; name = "Pods-FileManager.debug.xcconfig"; path = "Target Support Files/Pods-FileManager/Pods-FileManager.debug.xcconfig"; sourceTree = "<group>"; };
		A23796B124D9BCF200DC211A /* Helper.swift */ = {isa = PBXFileReference; lastKnownFileType = sourcecode.swift; path = Helper.swift; sourceTree = "<group>"; };
		A26B2CBC24D6A1C700BFC261 /* ContentFileViewController.swift */ = {isa = PBXFileReference; lastKnownFileType = sourcecode.swift; path = ContentFileViewController.swift; sourceTree = "<group>"; };
		A26B2CBD24D6A1C700BFC261 /* ContentFileViewController.xib */ = {isa = PBXFileReference; lastKnownFileType = file.xib; path = ContentFileViewController.xib; sourceTree = "<group>"; };
		A285FD9F24D7499C00C913FE /* DocumentTableViewCell.swift */ = {isa = PBXFileReference; fileEncoding = 4; lastKnownFileType = sourcecode.swift; name = DocumentTableViewCell.swift; path = FileManager/ViewController/DocumentTableViewCell.swift; sourceTree = SOURCE_ROOT; };
		A285FDA124D74A4C00C913FE /* DocumentTableViewCell.xib */ = {isa = PBXFileReference; fileEncoding = 4; lastKnownFileType = file.xib; name = DocumentTableViewCell.xib; path = FileManager/ViewController/DocumentTableViewCell.xib; sourceTree = SOURCE_ROOT; };
		A2F2550924CAF2420064CE50 /* FileManager.app */ = {isa = PBXFileReference; explicitFileType = wrapper.application; includeInIndex = 0; path = FileManager.app; sourceTree = BUILT_PRODUCTS_DIR; };
		A2F2550C24CAF2420064CE50 /* AppDelegate.swift */ = {isa = PBXFileReference; lastKnownFileType = sourcecode.swift; path = AppDelegate.swift; sourceTree = "<group>"; };
		A2F2550E24CAF2420064CE50 /* SceneDelegate.swift */ = {isa = PBXFileReference; lastKnownFileType = sourcecode.swift; path = SceneDelegate.swift; sourceTree = "<group>"; };
		A2F2551524CAF2460064CE50 /* Assets.xcassets */ = {isa = PBXFileReference; lastKnownFileType = folder.assetcatalog; path = Assets.xcassets; sourceTree = "<group>"; };
		A2F2551824CAF2460064CE50 /* Base */ = {isa = PBXFileReference; lastKnownFileType = file.storyboard; name = Base; path = Base.lproj/LaunchScreen.storyboard; sourceTree = "<group>"; };
		A2F2551A24CAF2460064CE50 /* Info.plist */ = {isa = PBXFileReference; lastKnownFileType = text.plist.xml; path = Info.plist; sourceTree = "<group>"; };
		A2F2552024CAF3380064CE50 /* .gitignore */ = {isa = PBXFileReference; lastKnownFileType = text; path = .gitignore; sourceTree = "<group>"; };
		A2F2552224CB09720064CE50 /* .swiftlint.yml */ = {isa = PBXFileReference; lastKnownFileType = text.yaml; path = .swiftlint.yml; sourceTree = "<group>"; };
		A2F2552624CB15880064CE50 /* UITableView+Extension.swift */ = {isa = PBXFileReference; lastKnownFileType = sourcecode.swift; path = "UITableView+Extension.swift"; sourceTree = "<group>"; };
		A2F2553224CB2CA90064CE50 /* DocumentsViewController.swift */ = {isa = PBXFileReference; lastKnownFileType = sourcecode.swift; path = DocumentsViewController.swift; sourceTree = "<group>"; };
		A2F2553324CB2CA90064CE50 /* DocumentsViewController.xib */ = {isa = PBXFileReference; lastKnownFileType = file.xib; path = DocumentsViewController.xib; sourceTree = "<group>"; };
		A2F2553724CB66070064CE50 /* Icon.swift */ = {isa = PBXFileReference; lastKnownFileType = sourcecode.swift; path = Icon.swift; sourceTree = "<group>"; };
		A2F2553924CB7E420064CE50 /* Names.swift */ = {isa = PBXFileReference; lastKnownFileType = sourcecode.swift; path = Names.swift; sourceTree = "<group>"; };
		A2F2553D24CC271A0064CE50 /* FileManagerService.swift */ = {isa = PBXFileReference; lastKnownFileType = sourcecode.swift; path = FileManagerService.swift; sourceTree = "<group>"; };
		A2F2553F24CDDA160064CE50 /* Alert.swift */ = {isa = PBXFileReference; lastKnownFileType = sourcecode.swift; path = Alert.swift; sourceTree = "<group>"; };
		AC380819EB6080064C931F5B /* Pods-FileManager.release.xcconfig */ = {isa = PBXFileReference; includeInIndex = 1; lastKnownFileType = text.xcconfig; name = "Pods-FileManager.release.xcconfig"; path = "Target Support Files/Pods-FileManager/Pods-FileManager.release.xcconfig"; sourceTree = "<group>"; };
		BE9BBD3B09224CA6D7831156 /* Pods_FileManager.framework */ = {isa = PBXFileReference; explicitFileType = wrapper.framework; includeInIndex = 0; path = Pods_FileManager.framework; sourceTree = BUILT_PRODUCTS_DIR; };
/* End PBXFileReference section */

/* Begin PBXFrameworksBuildPhase section */
		A2F2550624CAF2420064CE50 /* Frameworks */ = {
			isa = PBXFrameworksBuildPhase;
			buildActionMask = 2147483647;
			files = (
				7A549B2F1011EB47D237EC11 /* Pods_FileManager.framework in Frameworks */,
			);
			runOnlyForDeploymentPostprocessing = 0;
		};
/* End PBXFrameworksBuildPhase section */

/* Begin PBXGroup section */
		1EB01C47C95EA4CF0F5854C2 /* Frameworks */ = {
			isa = PBXGroup;
			children = (
				BE9BBD3B09224CA6D7831156 /* Pods_FileManager.framework */,
			);
			name = Frameworks;
			sourceTree = "<group>";
		};
		A2F2550024CAF2420064CE50 = {
			isa = PBXGroup;
			children = (
				A2F2552224CB09720064CE50 /* .swiftlint.yml */,
				A2F2552024CAF3380064CE50 /* .gitignore */,
				A2F2550B24CAF2420064CE50 /* FileManager */,
				A2F2550A24CAF2420064CE50 /* Products */,
				D5921F719F3FB3932F9A544B /* Pods */,
				1EB01C47C95EA4CF0F5854C2 /* Frameworks */,
			);
			sourceTree = "<group>";
			tabWidth = 2;
		};
		A2F2550A24CAF2420064CE50 /* Products */ = {
			isa = PBXGroup;
			children = (
				A2F2550924CAF2420064CE50 /* FileManager.app */,
			);
			name = Products;
			sourceTree = "<group>";
		};
		A2F2550B24CAF2420064CE50 /* FileManager */ = {
			isa = PBXGroup;
			children = (
				A2F2552824CB15E40064CE50 /* Code */,
				A2F2552924CB1C540064CE50 /* ViewController */,
				A2F2553C24CC26790064CE50 /* FileManagerService */,
				A2F2552524CB15360064CE50 /* Helpers */,
				A2F2551524CAF2460064CE50 /* Assets.xcassets */,
				A2F2551724CAF2460064CE50 /* LaunchScreen.storyboard */,
				A2F2551A24CAF2460064CE50 /* Info.plist */,
			);
			path = FileManager;
			sourceTree = "<group>";
		};
		A2F2552524CB15360064CE50 /* Helpers */ = {
			isa = PBXGroup;
			children = (
				A2F2553B24CB7E470064CE50 /* Constants */,
				A2F2552624CB15880064CE50 /* UITableView+Extension.swift */,
				A2F2553F24CDDA160064CE50 /* Alert.swift */,
			);
			path = Helpers;
			sourceTree = "<group>";
		};
		A2F2552824CB15E40064CE50 /* Code */ = {
			isa = PBXGroup;
			children = (
				A2F2550C24CAF2420064CE50 /* AppDelegate.swift */,
				A2F2550E24CAF2420064CE50 /* SceneDelegate.swift */,
			);
			path = Code;
			sourceTree = "<group>";
		};
		A2F2552924CB1C540064CE50 /* ViewController */ = {
			isa = PBXGroup;
			children = (
				A2F2553624CB2CC90064CE50 /* DocumentCell */,
				A2F2553224CB2CA90064CE50 /* DocumentsViewController.swift */,
				A2F2553324CB2CA90064CE50 /* DocumentsViewController.xib */,
				A26B2CBC24D6A1C700BFC261 /* ContentFileViewController.swift */,
				A26B2CBD24D6A1C700BFC261 /* ContentFileViewController.xib */,
			);
			path = ViewController;
			sourceTree = "<group>";
		};
		A2F2553624CB2CC90064CE50 /* DocumentCell */ = {
			isa = PBXGroup;
			children = (
				A285FDA124D74A4C00C913FE /* DocumentTableViewCell.xib */,
				A285FD9F24D7499C00C913FE /* DocumentTableViewCell.swift */,
			);
			path = DocumentCell;
			sourceTree = "<group>";
		};
		A2F2553B24CB7E470064CE50 /* Constants */ = {
			isa = PBXGroup;
			children = (
				A2F2553724CB66070064CE50 /* Icon.swift */,
				A2F2553924CB7E420064CE50 /* Names.swift */,
				A23796B124D9BCF200DC211A /* Helper.swift */,
			);
			path = Constants;
			sourceTree = "<group>";
		};
		A2F2553C24CC26790064CE50 /* FileManagerService */ = {
			isa = PBXGroup;
			children = (
				A2F2553D24CC271A0064CE50 /* FileManagerService.swift */,
			);
			path = FileManagerService;
			sourceTree = "<group>";
		};
		D5921F719F3FB3932F9A544B /* Pods */ = {
			isa = PBXGroup;
			children = (
				5EDEF7AA95344D45D65FD6FC /* Pods-FileManager.debug.xcconfig */,
				AC380819EB6080064C931F5B /* Pods-FileManager.release.xcconfig */,
			);
			path = Pods;
			sourceTree = "<group>";
		};
/* End PBXGroup section */

/* Begin PBXNativeTarget section */
		A2F2550824CAF2420064CE50 /* FileManager */ = {
			isa = PBXNativeTarget;
			buildConfigurationList = A2F2551D24CAF2460064CE50 /* Build configuration list for PBXNativeTarget "FileManager" */;
			buildPhases = (
				06235D35958D2E8E63F79DF6 /* [CP] Check Pods Manifest.lock */,
				A2F2552424CB09A10064CE50 /* SwiftLint */,
				A2F2550524CAF2420064CE50 /* Sources */,
				A2F2550624CAF2420064CE50 /* Frameworks */,
				A2F2550724CAF2420064CE50 /* Resources */,
			);
			buildRules = (
			);
			dependencies = (
			);
			name = FileManager;
			productName = FileManager;
			productReference = A2F2550924CAF2420064CE50 /* FileManager.app */;
			productType = "com.apple.product-type.application";
		};
/* End PBXNativeTarget section */

/* Begin PBXProject section */
		A2F2550124CAF2420064CE50 /* Project object */ = {
			isa = PBXProject;
			attributes = {
				LastSwiftUpdateCheck = 1160;
				LastUpgradeCheck = 1160;
				ORGANIZATIONNAME = "Aleksey Bardin";
				TargetAttributes = {
					A2F2550824CAF2420064CE50 = {
						CreatedOnToolsVersion = 11.6;
					};
				};
			};
			buildConfigurationList = A2F2550424CAF2420064CE50 /* Build configuration list for PBXProject "FileManager" */;
			compatibilityVersion = "Xcode 11.0";
			developmentRegion = en;
			hasScannedForEncodings = 0;
			knownRegions = (
				en,
				Base,
			);
			mainGroup = A2F2550024CAF2420064CE50;
			productRefGroup = A2F2550A24CAF2420064CE50 /* Products */;
			projectDirPath = "";
			projectRoot = "";
			targets = (
				A2F2550824CAF2420064CE50 /* FileManager */,
			);
		};
/* End PBXProject section */

/* Begin PBXResourcesBuildPhase section */
		A2F2550724CAF2420064CE50 /* Resources */ = {
			isa = PBXResourcesBuildPhase;
			buildActionMask = 2147483647;
			files = (
				A26B2CBF24D6A1C800BFC261 /* ContentFileViewController.xib in Resources */,
				A2F2553524CB2CA90064CE50 /* DocumentsViewController.xib in Resources */,
				A2F2552324CB09720064CE50 /* .swiftlint.yml in Resources */,
				A2F2552124CAF3380064CE50 /* .gitignore in Resources */,
				A285FDA224D74A4C00C913FE /* DocumentTableViewCell.xib in Resources */,
				A2F2551924CAF2460064CE50 /* LaunchScreen.storyboard in Resources */,
				A2F2551624CAF2460064CE50 /* Assets.xcassets in Resources */,
			);
			runOnlyForDeploymentPostprocessing = 0;
		};
/* End PBXResourcesBuildPhase section */

/* Begin PBXShellScriptBuildPhase section */
		06235D35958D2E8E63F79DF6 /* [CP] Check Pods Manifest.lock */ = {
			isa = PBXShellScriptBuildPhase;
			buildActionMask = 2147483647;
			files = (
			);
			inputFileListPaths = (
			);
			inputPaths = (
				"${PODS_PODFILE_DIR_PATH}/Podfile.lock",
				"${PODS_ROOT}/Manifest.lock",
			);
			name = "[CP] Check Pods Manifest.lock";
			outputFileListPaths = (
			);
			outputPaths = (
				"$(DERIVED_FILE_DIR)/Pods-FileManager-checkManifestLockResult.txt",
			);
			runOnlyForDeploymentPostprocessing = 0;
			shellPath = /bin/sh;
			shellScript = "diff \"${PODS_PODFILE_DIR_PATH}/Podfile.lock\" \"${PODS_ROOT}/Manifest.lock\" > /dev/null\nif [ $? != 0 ] ; then\n    # print error to STDERR\n    echo \"error: The sandbox is not in sync with the Podfile.lock. Run 'pod install' or update your CocoaPods installation.\" >&2\n    exit 1\nfi\n# This output is used by Xcode 'outputs' to avoid re-running this script phase.\necho \"SUCCESS\" > \"${SCRIPT_OUTPUT_FILE_0}\"\n";
			showEnvVarsInLog = 0;
		};
		A2F2552424CB09A10064CE50 /* SwiftLint */ = {
			isa = PBXShellScriptBuildPhase;
			buildActionMask = 2147483647;
			files = (
			);
			inputFileListPaths = (
			);
			inputPaths = (
			);
			name = SwiftLint;
			outputFileListPaths = (
			);
			outputPaths = (
			);
			runOnlyForDeploymentPostprocessing = 0;
			shellPath = /bin/sh;
			shellScript = "if which swiftlint >/dev/null; then\n  swiftlint\nelse\n  echo \"error: SwiftLint does not exist, download it from https://github.com/realm/SwiftLint\"\n  exit 1\nfi\n";
		};
/* End PBXShellScriptBuildPhase section */

/* Begin PBXSourcesBuildPhase section */
		A2F2550524CAF2420064CE50 /* Sources */ = {
			isa = PBXSourcesBuildPhase;
			buildActionMask = 2147483647;
			files = (
				A23796B224D9BCF200DC211A /* Helper.swift in Sources */,
				A2F2554024CDDA160064CE50 /* Alert.swift in Sources */,
				A2F2553824CB66080064CE50 /* Icon.swift in Sources */,
				A2F2553424CB2CA90064CE50 /* DocumentsViewController.swift in Sources */,
				A2F2553A24CB7E420064CE50 /* Names.swift in Sources */,
				A26B2CBE24D6A1C800BFC261 /* ContentFileViewController.swift in Sources */,
				A2F2550D24CAF2420064CE50 /* AppDelegate.swift in Sources */,
				A285FDA024D7499C00C913FE /* DocumentTableViewCell.swift in Sources */,
				A2F2550F24CAF2420064CE50 /* SceneDelegate.swift in Sources */,
				A2F2552724CB15880064CE50 /* UITableView+Extension.swift in Sources */,
				A2F2553E24CC271A0064CE50 /* FileManagerService.swift in Sources */,
			);
			runOnlyForDeploymentPostprocessing = 0;
		};
/* End PBXSourcesBuildPhase section */

/* Begin PBXVariantGroup section */
		A2F2551724CAF2460064CE50 /* LaunchScreen.storyboard */ = {
			isa = PBXVariantGroup;
			children = (
				A2F2551824CAF2460064CE50 /* Base */,
			);
			name = LaunchScreen.storyboard;
			sourceTree = "<group>";
		};
/* End PBXVariantGroup section */

/* Begin XCBuildConfiguration section */
		A2F2551B24CAF2460064CE50 /* Debug */ = {
			isa = XCBuildConfiguration;
			buildSettings = {
				ALWAYS_SEARCH_USER_PATHS = NO;
				CLANG_ANALYZER_NONNULL = YES;
				CLANG_ANALYZER_NUMBER_OBJECT_CONVERSION = YES_AGGRESSIVE;
				CLANG_CXX_LANGUAGE_STANDARD = "gnu++14";
				CLANG_CXX_LIBRARY = "libc++";
				CLANG_ENABLE_MODULES = YES;
				CLANG_ENABLE_OBJC_ARC = YES;
				CLANG_ENABLE_OBJC_WEAK = YES;
				CLANG_WARN_BLOCK_CAPTURE_AUTORELEASING = YES;
				CLANG_WARN_BOOL_CONVERSION = YES;
				CLANG_WARN_COMMA = YES;
				CLANG_WARN_CONSTANT_CONVERSION = YES;
				CLANG_WARN_DEPRECATED_OBJC_IMPLEMENTATIONS = YES;
				CLANG_WARN_DIRECT_OBJC_ISA_USAGE = YES_ERROR;
				CLANG_WARN_DOCUMENTATION_COMMENTS = YES;
				CLANG_WARN_EMPTY_BODY = YES;
				CLANG_WARN_ENUM_CONVERSION = YES;
				CLANG_WARN_INFINITE_RECURSION = YES;
				CLANG_WARN_INT_CONVERSION = YES;
				CLANG_WARN_NON_LITERAL_NULL_CONVERSION = YES;
				CLANG_WARN_OBJC_IMPLICIT_RETAIN_SELF = YES;
				CLANG_WARN_OBJC_LITERAL_CONVERSION = YES;
				CLANG_WARN_OBJC_ROOT_CLASS = YES_ERROR;
				CLANG_WARN_RANGE_LOOP_ANALYSIS = YES;
				CLANG_WARN_STRICT_PROTOTYPES = YES;
				CLANG_WARN_SUSPICIOUS_MOVE = YES;
				CLANG_WARN_UNGUARDED_AVAILABILITY = YES_AGGRESSIVE;
				CLANG_WARN_UNREACHABLE_CODE = YES;
				CLANG_WARN__DUPLICATE_METHOD_MATCH = YES;
				COPY_PHASE_STRIP = NO;
				DEBUG_INFORMATION_FORMAT = dwarf;
				ENABLE_STRICT_OBJC_MSGSEND = YES;
				ENABLE_TESTABILITY = YES;
				GCC_C_LANGUAGE_STANDARD = gnu11;
				GCC_DYNAMIC_NO_PIC = NO;
				GCC_NO_COMMON_BLOCKS = YES;
				GCC_OPTIMIZATION_LEVEL = 0;
				GCC_PREPROCESSOR_DEFINITIONS = (
					"DEBUG=1",
					"$(inherited)",
				);
				GCC_WARN_64_TO_32_BIT_CONVERSION = YES;
				GCC_WARN_ABOUT_RETURN_TYPE = YES_ERROR;
				GCC_WARN_UNDECLARED_SELECTOR = YES;
				GCC_WARN_UNINITIALIZED_AUTOS = YES_AGGRESSIVE;
				GCC_WARN_UNUSED_FUNCTION = YES;
				GCC_WARN_UNUSED_VARIABLE = YES;
				IPHONEOS_DEPLOYMENT_TARGET = 13.0;
				MTL_ENABLE_DEBUG_INFO = INCLUDE_SOURCE;
				MTL_FAST_MATH = YES;
				ONLY_ACTIVE_ARCH = YES;
				SDKROOT = iphoneos;
				SWIFT_ACTIVE_COMPILATION_CONDITIONS = DEBUG;
				SWIFT_OPTIMIZATION_LEVEL = "-Onone";
			};
			name = Debug;
		};
		A2F2551C24CAF2460064CE50 /* Release */ = {
			isa = XCBuildConfiguration;
			buildSettings = {
				ALWAYS_SEARCH_USER_PATHS = NO;
				CLANG_ANALYZER_NONNULL = YES;
				CLANG_ANALYZER_NUMBER_OBJECT_CONVERSION = YES_AGGRESSIVE;
				CLANG_CXX_LANGUAGE_STANDARD = "gnu++14";
				CLANG_CXX_LIBRARY = "libc++";
				CLANG_ENABLE_MODULES = YES;
				CLANG_ENABLE_OBJC_ARC = YES;
				CLANG_ENABLE_OBJC_WEAK = YES;
				CLANG_WARN_BLOCK_CAPTURE_AUTORELEASING = YES;
				CLANG_WARN_BOOL_CONVERSION = YES;
				CLANG_WARN_COMMA = YES;
				CLANG_WARN_CONSTANT_CONVERSION = YES;
				CLANG_WARN_DEPRECATED_OBJC_IMPLEMENTATIONS = YES;
				CLANG_WARN_DIRECT_OBJC_ISA_USAGE = YES_ERROR;
				CLANG_WARN_DOCUMENTATION_COMMENTS = YES;
				CLANG_WARN_EMPTY_BODY = YES;
				CLANG_WARN_ENUM_CONVERSION = YES;
				CLANG_WARN_INFINITE_RECURSION = YES;
				CLANG_WARN_INT_CONVERSION = YES;
				CLANG_WARN_NON_LITERAL_NULL_CONVERSION = YES;
				CLANG_WARN_OBJC_IMPLICIT_RETAIN_SELF = YES;
				CLANG_WARN_OBJC_LITERAL_CONVERSION = YES;
				CLANG_WARN_OBJC_ROOT_CLASS = YES_ERROR;
				CLANG_WARN_RANGE_LOOP_ANALYSIS = YES;
				CLANG_WARN_STRICT_PROTOTYPES = YES;
				CLANG_WARN_SUSPICIOUS_MOVE = YES;
				CLANG_WARN_UNGUARDED_AVAILABILITY = YES_AGGRESSIVE;
				CLANG_WARN_UNREACHABLE_CODE = YES;
				CLANG_WARN__DUPLICATE_METHOD_MATCH = YES;
				COPY_PHASE_STRIP = NO;
				DEBUG_INFORMATION_FORMAT = "dwarf-with-dsym";
				ENABLE_NS_ASSERTIONS = NO;
				ENABLE_STRICT_OBJC_MSGSEND = YES;
				GCC_C_LANGUAGE_STANDARD = gnu11;
				GCC_NO_COMMON_BLOCKS = YES;
				GCC_WARN_64_TO_32_BIT_CONVERSION = YES;
				GCC_WARN_ABOUT_RETURN_TYPE = YES_ERROR;
				GCC_WARN_UNDECLARED_SELECTOR = YES;
				GCC_WARN_UNINITIALIZED_AUTOS = YES_AGGRESSIVE;
				GCC_WARN_UNUSED_FUNCTION = YES;
				GCC_WARN_UNUSED_VARIABLE = YES;
				IPHONEOS_DEPLOYMENT_TARGET = 13.0;
				MTL_ENABLE_DEBUG_INFO = NO;
				MTL_FAST_MATH = YES;
				SDKROOT = iphoneos;
				SWIFT_COMPILATION_MODE = wholemodule;
				SWIFT_OPTIMIZATION_LEVEL = "-O";
				VALIDATE_PRODUCT = YES;
			};
			name = Release;
		};
		A2F2551E24CAF2460064CE50 /* Debug */ = {
			isa = XCBuildConfiguration;
			baseConfigurationReference = 5EDEF7AA95344D45D65FD6FC /* Pods-FileManager.debug.xcconfig */;
			buildSettings = {
				ASSETCATALOG_COMPILER_APPICON_NAME = AppIcon;
				CODE_SIGN_STYLE = Automatic;
				DEVELOPMENT_TEAM = GY47Z2W3K9;
				INFOPLIST_FILE = FileManager/Info.plist;
				IPHONEOS_DEPLOYMENT_TARGET = 13.0;
				LD_RUNPATH_SEARCH_PATHS = (
					"$(inherited)",
					"@executable_path/Frameworks",
				);
				MARKETING_VERSION = 0.1;
				PRODUCT_BUNDLE_IDENTIFIER = Bardincom.FileManager;
				PRODUCT_NAME = "$(TARGET_NAME)";
				SWIFT_VERSION = 5.0;
				TARGETED_DEVICE_FAMILY = 1;
			};
			name = Debug;
		};
		A2F2551F24CAF2460064CE50 /* Release */ = {
			isa = XCBuildConfiguration;
			baseConfigurationReference = AC380819EB6080064C931F5B /* Pods-FileManager.release.xcconfig */;
			buildSettings = {
				ASSETCATALOG_COMPILER_APPICON_NAME = AppIcon;
				CODE_SIGN_STYLE = Automatic;
				DEVELOPMENT_TEAM = GY47Z2W3K9;
				INFOPLIST_FILE = FileManager/Info.plist;
				IPHONEOS_DEPLOYMENT_TARGET = 13.0;
				LD_RUNPATH_SEARCH_PATHS = (
					"$(inherited)",
					"@executable_path/Frameworks",
				);
				MARKETING_VERSION = 0.1;
				PRODUCT_BUNDLE_IDENTIFIER = Bardincom.FileManager;
				PRODUCT_NAME = "$(TARGET_NAME)";
				SWIFT_VERSION = 5.0;
				TARGETED_DEVICE_FAMILY = 1;
			};
			name = Release;
		};
/* End XCBuildConfiguration section */

/* Begin XCConfigurationList section */
		A2F2550424CAF2420064CE50 /* Build configuration list for PBXProject "FileManager" */ = {
			isa = XCConfigurationList;
			buildConfigurations = (
				A2F2551B24CAF2460064CE50 /* Debug */,
				A2F2551C24CAF2460064CE50 /* Release */,
			);
			defaultConfigurationIsVisible = 0;
			defaultConfigurationName = Release;
		};
		A2F2551D24CAF2460064CE50 /* Build configuration list for PBXNativeTarget "FileManager" */ = {
			isa = XCConfigurationList;
			buildConfigurations = (
				A2F2551E24CAF2460064CE50 /* Debug */,
				A2F2551F24CAF2460064CE50 /* Release */,
			);
			defaultConfigurationIsVisible = 0;
			defaultConfigurationName = Release;
		};
/* End XCConfigurationList section */
	};
	rootObject = A2F2550124CAF2420064CE50 /* Project object */;
}
